<?xml version="1.0" encoding="utf-8"?>
<Project ToolsVersion="4.0" xmlns="http://schemas.microsoft.com/developer/msbuild/2003">
  <ItemGroup>
    <Filter Include="Sources">
      <UniqueIdentifier>{76ed4265-56ad-4060-904b-8b618c3c7a24}</UniqueIdentifier>
    </Filter>
    <Filter Include="Sources\Private">
      <UniqueIdentifier>{4FC737F1-C7A5-4376-A066-2A32D752A2FF}</UniqueIdentifier>
      <Extensions>cpp;c;cc;cxx;c++;cppm;ixx;def;odl;idl;hpj;bat;asm;asmx</Extensions>
    </Filter>
    <Filter Include="Sources\Public">
      <UniqueIdentifier>{93995380-89BD-4b04-88EB-625FBE52EBFB}</UniqueIdentifier>
      <Extensions>h;hh;hpp;hxx;h++;hm;inl;inc;ipp;xsd</Extensions>
    </Filter>
    <Filter Include="Sources\Private\Solver">
      <UniqueIdentifier>{a96d9223-a526-4f57-b560-0b95f9e95f50}</UniqueIdentifier>
    </Filter>
    <Filter Include="Sources\Private\Wrappers">
      <UniqueIdentifier>{a1b548f1-2fe0-4eb2-aac0-7339ef5f2ef5}</UniqueIdentifier>
    </Filter>
    <Filter Include="Sources\Public\Solver">
      <UniqueIdentifier>{c0bf0a7b-d0ed-4b76-b0ac-1c900dfbc330}</UniqueIdentifier>
    </Filter>
    <Filter Include="Sources\Public\Wrappers">
      <UniqueIdentifier>{93fa018a-72bc-45c3-9c66-b1af36d865df}</UniqueIdentifier>
    </Filter>
    <Filter Include="Sources\Public\User">
      <UniqueIdentifier>{f1a7df1c-9924-41fd-9cb4-509b6e546e10}</UniqueIdentifier>
    </Filter>
    <Filter Include="Sources\Private\User">
      <UniqueIdentifier>{9b150dbb-ddb0-4ece-bf52-d29230e2aa53}</UniqueIdentifier>
    </Filter>
  </ItemGroup>
  <ItemGroup>
    <ClCompile Include="source\Engine.cpp">
      <Filter>Sources\Private</Filter>
    </ClCompile>
    <ClCompile Include="source\Wrappers\Thread.cpp">
      <Filter>Sources\Private\Wrappers</Filter>
    </ClCompile>
    <ClCompile Include="source\Wrappers\Timer.cpp">
      <Filter>Sources\Private\Wrappers</Filter>
    </ClCompile>
    <ClCompile Include="source\Solver\bitSolver.cpp">
      <Filter>Sources\Private\Solver</Filter>
    </ClCompile>
    <ClCompile Include="source\Solver\heuristicSolver.cpp">
      <Filter>Sources\Private\Solver</Filter>
    </ClCompile>
    <ClCompile Include="source\Solver\zobrist.cpp">
      <Filter>Sources\Private\Solver</Filter>
    </ClCompile>
    <ClCompile Include="source\User\main.cpp">
      <Filter>Sources\Private\User</Filter>
    </ClCompile>
    <ClCompile Include="source\User\Interface.cpp">
      <Filter>Sources\Private\User</Filter>
    </ClCompile>
    <ClCompile Include="source\Engine_NN.cpp">
      <Filter>Sources\Private</Filter>
    </ClCompile>
    <ClCompile Include="source\Trainer.cpp">
      <Filter>Sources\Private</Filter>
    </ClCompile>
  </ItemGroup>
  <ItemGroup>
    <ClInclude Include="include\Engine.h">
      <Filter>Sources\Public</Filter>
    </ClInclude>
    <ClInclude Include="include\Solver\bitBoard.h">
      <Filter>Sources\Public\Solver</Filter>
    </ClInclude>
    <ClInclude Include="include\Solver\bitSolver.h">
      <Filter>Sources\Public\Solver</Filter>
    </ClInclude>
    <ClInclude Include="include\Solver\heuristicSolver.h">
      <Filter>Sources\Public\Solver</Filter>
    </ClInclude>
    <ClInclude Include="include\Solver\heuristictt.h">
      <Filter>Sources\Public\Solver</Filter>
    </ClInclude>
    <ClInclude Include="include\Solver\tt.h">
      <Filter>Sources\Public\Solver</Filter>
    </ClInclude>
    <ClInclude Include="include\Solver\zobrist.h">
      <Filter>Sources\Public\Solver</Filter>
    </ClInclude>
    <ClInclude Include="include\Wrappers\Thread.h">
      <Filter>Sources\Public\Wrappers</Filter>
    </ClInclude>
    <ClInclude Include="include\Wrappers\Timer.h">
      <Filter>Sources\Public\Wrappers</Filter>
    </ClInclude>
    <ClInclude Include="include\User\Interface.h">
      <Filter>Sources\Public\User</Filter>
    </ClInclude>
    <ClInclude Include="include\Solver\mask.h">
      <Filter>Sources\Public\Solver</Filter>
    </ClInclude>
    <ClInclude Include="include\User\testBoards.h">
      <Filter>Sources\Public\User</Filter>
    </ClInclude>
    <ClInclude Include="include\Engine_NN.h">
      <Filter>Sources\Public</Filter>
    </ClInclude>
    <ClInclude Include="include\Trainer.h">
      <Filter>Sources\Public</Filter>
    </ClInclude>
  </ItemGroup>
</Project>