<?xml version="1.0" encoding="utf-8"?>
<Project ToolsVersion="4.0" xmlns="http://schemas.microsoft.com/developer/msbuild/2003">
  <ItemGroup>
    <Filter Include="Sources">
      <UniqueIdentifier>{76ed4265-56ad-4060-904b-8b618c3c7a24}</UniqueIdentifier>
    </Filter>
    <Filter Include="Sources\Private">
      <UniqueIdentifier>{4FC737F1-C7A5-4376-A066-2A32D752A2FF}</UniqueIdentifier>
      <Extensions>cpp;c;cc;cxx;c++;cppm;ixx;def;odl;idl;hpj;bat;asm;asmx</Extensions>
    </Filter>
    <Filter Include="Sources\Public">
      <UniqueIdentifier>{93995380-89BD-4b04-88EB-625FBE52EBFB}</UniqueIdentifier>
      <Extensions>h;hh;hpp;hxx;h++;hm;inl;inc;ipp;xsd</Extensions>
    </Filter>
    <Filter Include="Sources\Private\interface">
      <UniqueIdentifier>{a47b87a5-7d2f-4cb3-b8be-a0ea3e864df0}</UniqueIdentifier>
    </Filter>
    <Filter Include="Sources\Public\interface">
      <UniqueIdentifier>{8c9227d2-f604-41d7-a8f5-4536a4d26af8}</UniqueIdentifier>
    </Filter>
  </ItemGroup>
  <ItemGroup>
    <ClCompile Include="source\heuristicSolver.cpp">
      <Filter>Sources\Private</Filter>
    </ClCompile>
    <ClCompile Include="source\bitSolver.cpp">
      <Filter>Sources\Private</Filter>
    </ClCompile>
    <ClCompile Include="source\zobrist.cpp">
      <Filter>Sources\Private</Filter>
    </ClCompile>
    <ClCompile Include="source\Interface.cpp">
      <Filter>Sources\Private\interface</Filter>
    </ClCompile>
    <ClCompile Include="source\main.cpp">
      <Filter>Sources\Private\interface</Filter>
    </ClCompile>
    <ClCompile Include="source\Timer.cpp">
      <Filter>Sources\Private\interface</Filter>
    </ClCompile>
  </ItemGroup>
  <ItemGroup>
    <ClInclude Include="include\bitBoard.h">
      <Filter>Sources\Public</Filter>
    </ClInclude>
    <ClInclude Include="include\bitSolver.h">
      <Filter>Sources\Public</Filter>
    </ClInclude>
    <ClInclude Include="include\tt.h">
      <Filter>Sources\Public</Filter>
    </ClInclude>
    <ClInclude Include="include\heuristicSolver.h">
      <Filter>Sources\Public</Filter>
    </ClInclude>
    <ClInclude Include="include\heuristictt.h">
      <Filter>Sources\Public</Filter>
    </ClInclude>
    <ClInclude Include="include\zobrist.h">
      <Filter>Sources\Public</Filter>
    </ClInclude>
    <ClInclude Include="include\Interface.h">
      <Filter>Sources\Public\interface</Filter>
    </ClInclude>
    <ClInclude Include="include\Timer.h">
      <Filter>Sources\Public\interface</Filter>
    </ClInclude>
    <ClInclude Include="include\testBoards.h">
      <Filter>Sources\Public\interface</Filter>
    </ClInclude>
    <ClInclude Include="include\mask.h">
      <Filter>Sources\Public</Filter>
    </ClInclude>
  </ItemGroup>
</Project>